
Microsoft Visual Studio Solution File, Format Version 12.00
# Visual Studio 15
VisualStudioVersion = 15.0.28307.329
MinimumVisualStudioVersion = 10.0.40219.1
Project("{FAE04EC0-301F-11D3-BF4B-00C04F79EFBC}") = "Task2", "Task2\Task2.csproj", "{E84AC913-5189-41F5-815C-A87081237850}"
EndProject
Project("{FAE04EC0-301F-11D3-BF4B-00C04F79EFBC}") = "Task3", "Task3\Task3.csproj", "{775C0973-2F84-4BF1-B4EF-F8914CD2B437}"
EndProject
Project("{FAE04EC0-301F-11D3-BF4B-00C04F79EFBC}") = "Task4", "Task4\Task4.csproj", "{C0D6C60C-B733-4EDB-9C5D-2A79B2BA907D}"
EndProject
Project("{FAE04EC0-301F-11D3-BF4B-00C04F79EFBC}") = "task1_1", "task1_1\task1_1.csproj", "{828B9A7B-D8C4-4DFB-9168-26CBBC0E91BF}"
EndProject
Global
	GlobalSection(SolutionConfigurationPlatforms) = preSolution
		Debug|Any CPU = Debug|Any CPU
		Release|Any CPU = Release|Any CPU
	EndGlobalSection
	GlobalSection(ProjectConfigurationPlatforms) = postSolution
		{E84AC913-5189-41F5-815C-A87081237850}.Debug|Any CPU.ActiveCfg = Debug|Any CPU
		{E84AC913-5189-41F5-815C-A87081237850}.Debug|Any CPU.Build.0 = Debug|Any CPU
		{E84AC913-5189-41F5-815C-A87081237850}.Release|Any CPU.ActiveCfg = Release|Any CPU
		{E84AC913-5189-41F5-815C-A87081237850}.Release|Any CPU.Build.0 = Release|Any CPU
		{775C0973-2F84-4BF1-B4EF-F8914CD2B437}.Debug|Any CPU.ActiveCfg = Debug|Any CPU
		{775C0973-2F84-4BF1-B4EF-F8914CD2B437}.Debug|Any CPU.Build.0 = Debug|Any CPU
		{775C0973-2F84-4BF1-B4EF-F8914CD2B437}.Release|Any CPU.ActiveCfg = Release|Any CPU
		{775C0973-2F84-4BF1-B4EF-F8914CD2B437}.Release|Any CPU.Build.0 = Release|Any CPU
		{C0D6C60C-B733-4EDB-9C5D-2A79B2BA907D}.Debug|Any CPU.ActiveCfg = Debug|Any CPU
		{C0D6C60C-B733-4EDB-9C5D-2A79B2BA907D}.Debug|Any CPU.Build.0 = Debug|Any CPU
		{C0D6C60C-B733-4EDB-9C5D-2A79B2BA907D}.Release|Any CPU.ActiveCfg = Release|Any CPU
		{C0D6C60C-B733-4EDB-9C5D-2A79B2BA907D}.Release|Any CPU.Build.0 = Release|Any CPU
		{828B9A7B-D8C4-4DFB-9168-26CBBC0E91BF}.Debug|Any CPU.ActiveCfg = Debug|Any CPU
		{828B9A7B-D8C4-4DFB-9168-26CBBC0E91BF}.Debug|Any CPU.Build.0 = Debug|Any CPU
		{828B9A7B-D8C4-4DFB-9168-26CBBC0E91BF}.Release|Any CPU.ActiveCfg = Release|Any CPU
		{828B9A7B-D8C4-4DFB-9168-26CBBC0E91BF}.Release|Any CPU.Build.0 = Release|Any CPU
	EndGlobalSection
	GlobalSection(SolutionProperties) = preSolution
		HideSolutionNode = FALSE
	EndGlobalSection
	GlobalSection(ExtensibilityGlobals) = postSolution
		SolutionGuid = {855FD92F-9B31-46A6-B91B-787005DCBA55}
	EndGlobalSection
EndGlobal
